
Microsoft Visual Studio Solution File, Format Version 12.00
# Visual Studio Version 17
VisualStudioVersion = 17.8.34330.188
MinimumVisualStudioVersion = 10.0.40219.1
Project("{FAE04EC0-301F-11D3-BF4B-00C04F79EFBC}") = "lab19", "lab19.csproj", "{A7D60962-AD73-4583-8D50-FA93EB6024CA}"
EndProject
Global
	GlobalSection(SolutionConfigurationPlatforms) = preSolution
		Debug|Any CPU = Debug|Any CPU
		Release|Any CPU = Release|Any CPU
	EndGlobalSection
	GlobalSection(ProjectConfigurationPlatforms) = postSolution
		{A7D60962-AD73-4583-8D50-FA93EB6024CA}.Debug|Any CPU.ActiveCfg = Debug|Any CPU
		{A7D60962-AD73-4583-8D50-FA93EB6024CA}.Debug|Any CPU.Build.0 = Debug|Any CPU
		{A7D60962-AD73-4583-8D50-FA93EB6024CA}.Release|Any CPU.ActiveCfg = Release|Any CPU
		{A7D60962-AD73-4583-8D50-FA93EB6024CA}.Release|Any CPU.Build.0 = Release|Any CPU
	EndGlobalSection
	GlobalSection(SolutionProperties) = preSolution
		HideSolutionNode = FALSE
	EndGlobalSection
	GlobalSection(ExtensibilityGlobals) = postSolution
		SolutionGuid = {76EC2374-7029-4796-B62D-3C428BE82305}
	EndGlobalSection
EndGlobal
